
Microsoft Visual Studio Solution File, Format Version 12.00
# Visual Studio Version 17
VisualStudioVersion = 17.10.35122.118
MinimumVisualStudioVersion = 10.0.40219.1
Project("{FAE04EC0-301F-11D3-BF4B-00C04F79EFBC}") = "Calculadora", "CursoTelegram\Calculadora.csproj", "{05F66FC5-76DD-4CC2-BDEA-E3C5CEF1E44F}"
EndProject
Global
	GlobalSection(SolutionConfigurationPlatforms) = preSolution
		Debug|Any CPU = Debug|Any CPU
		Release|Any CPU = Release|Any CPU
	EndGlobalSection
	GlobalSection(ProjectConfigurationPlatforms) = postSolution
		{05F66FC5-76DD-4CC2-BDEA-E3C5CEF1E44F}.Debug|Any CPU.ActiveCfg = Debug|Any CPU
		{05F66FC5-76DD-4CC2-BDEA-E3C5CEF1E44F}.Debug|Any CPU.Build.0 = Debug|Any CPU
		{05F66FC5-76DD-4CC2-BDEA-E3C5CEF1E44F}.Release|Any CPU.ActiveCfg = Release|Any CPU
		{05F66FC5-76DD-4CC2-BDEA-E3C5CEF1E44F}.Release|Any CPU.Build.0 = Release|Any CPU
	EndGlobalSection
	GlobalSection(SolutionProperties) = preSolution
		HideSolutionNode = FALSE
	EndGlobalSection
	GlobalSection(ExtensibilityGlobals) = postSolution
		SolutionGuid = {C340D69D-D469-4630-BCB2-58951865D25F}
	EndGlobalSection
EndGlobal
